
Microsoft Visual Studio Solution File, Format Version 12.00
# Visual Studio 15
VisualStudioVersion = 15.0.27004.2010
MinimumVisualStudioVersion = 10.0.40219.1
Project("{FAE04EC0-301F-11D3-BF4B-00C04F79EFBC}") = "DataAcess", "DataAcess\DataAcess.csproj", "{303E74CC-1E4D-4EB9-B2F0-4B34F8FB1D31}"
EndProject
Project("{FAE04EC0-301F-11D3-BF4B-00C04F79EFBC}") = "Entities-POJO", "Entities-POJO\Entities-POJO.csproj", "{0F68B956-C774-491B-94F7-EC177D7DBD3C}"
EndProject
Project("{FAE04EC0-301F-11D3-BF4B-00C04F79EFBC}") = "SandBoxTest", "Testing\SandBoxTest.csproj", "{4A9D3D13-0A33-4C06-B11E-CC731AD96DB5}"
EndProject
Project("{FAE04EC0-301F-11D3-BF4B-00C04F79EFBC}") = "Exceptions", "Exceptions\Exceptions.csproj", "{DE68F413-04DB-453B-BF57-1F234503B808}"
EndProject
Project("{FAE04EC0-301F-11D3-BF4B-00C04F79EFBC}") = "WebAPI", "WebAPI\WebAPI.csproj", "{1A4259FC-F0B5-4E73-9B34-5925498B97A5}"
EndProject
Project("{FAE04EC0-301F-11D3-BF4B-00C04F79EFBC}") = "CoreAPI", "CoreAPI\CoreAPI.csproj", "{F52A3DA6-7E9F-4E35-BEEA-B8D5634B3FAA}"
EndProject
Project("{2150E333-8FDC-42A3-9474-1A3956D46DE8}") = "1_Entities", "1_Entities", "{5F951B78-450E-490E-BD96-65BA9FEB8868}"
EndProject
Project("{2150E333-8FDC-42A3-9474-1A3956D46DE8}") = "2_DataAccess", "2_DataAccess", "{6E359B93-E3F7-4BF6-9569-7A766021DC0D}"
EndProject
Project("{2150E333-8FDC-42A3-9474-1A3956D46DE8}") = "3_Exceptions", "3_Exceptions", "{06E8DDD5-BD08-42D2-9D17-14B0BD62F974}"
EndProject
Project("{2150E333-8FDC-42A3-9474-1A3956D46DE8}") = "4_API", "4_API", "{4EE90A78-B052-40A9-9BFC-0A11AA343F2C}"
EndProject
Project("{FAE04EC0-301F-11D3-BF4B-00C04F79EFBC}") = "WebApp", "WebApp\WebApp.csproj", "{FEB21055-95DF-413F-A08F-DA48B0B64973}"
EndProject
Project("{2150E333-8FDC-42A3-9474-1A3956D46DE8}") = "5_WEB_APP", "5_WEB_APP", "{C9CBFC3B-7CAD-4F53-9EBE-9EE779DE8AB3}"
EndProject
Global
	GlobalSection(SolutionConfigurationPlatforms) = preSolution
		Debug|Any CPU = Debug|Any CPU
		Release|Any CPU = Release|Any CPU
	EndGlobalSection
	GlobalSection(ProjectConfigurationPlatforms) = postSolution
		{303E74CC-1E4D-4EB9-B2F0-4B34F8FB1D31}.Debug|Any CPU.ActiveCfg = Debug|Any CPU
		{303E74CC-1E4D-4EB9-B2F0-4B34F8FB1D31}.Debug|Any CPU.Build.0 = Debug|Any CPU
		{303E74CC-1E4D-4EB9-B2F0-4B34F8FB1D31}.Release|Any CPU.ActiveCfg = Release|Any CPU
		{303E74CC-1E4D-4EB9-B2F0-4B34F8FB1D31}.Release|Any CPU.Build.0 = Release|Any CPU
		{0F68B956-C774-491B-94F7-EC177D7DBD3C}.Debug|Any CPU.ActiveCfg = Debug|Any CPU
		{0F68B956-C774-491B-94F7-EC177D7DBD3C}.Debug|Any CPU.Build.0 = Debug|Any CPU
		{0F68B956-C774-491B-94F7-EC177D7DBD3C}.Release|Any CPU.ActiveCfg = Release|Any CPU
		{0F68B956-C774-491B-94F7-EC177D7DBD3C}.Release|Any CPU.Build.0 = Release|Any CPU
		{4A9D3D13-0A33-4C06-B11E-CC731AD96DB5}.Debug|Any CPU.ActiveCfg = Debug|Any CPU
		{4A9D3D13-0A33-4C06-B11E-CC731AD96DB5}.Debug|Any CPU.Build.0 = Debug|Any CPU
		{4A9D3D13-0A33-4C06-B11E-CC731AD96DB5}.Release|Any CPU.ActiveCfg = Release|Any CPU
		{4A9D3D13-0A33-4C06-B11E-CC731AD96DB5}.Release|Any CPU.Build.0 = Release|Any CPU
		{DE68F413-04DB-453B-BF57-1F234503B808}.Debug|Any CPU.ActiveCfg = Debug|Any CPU
		{DE68F413-04DB-453B-BF57-1F234503B808}.Debug|Any CPU.Build.0 = Debug|Any CPU
		{DE68F413-04DB-453B-BF57-1F234503B808}.Release|Any CPU.ActiveCfg = Release|Any CPU
		{DE68F413-04DB-453B-BF57-1F234503B808}.Release|Any CPU.Build.0 = Release|Any CPU
		{1A4259FC-F0B5-4E73-9B34-5925498B97A5}.Debug|Any CPU.ActiveCfg = Debug|Any CPU
		{1A4259FC-F0B5-4E73-9B34-5925498B97A5}.Debug|Any CPU.Build.0 = Debug|Any CPU
		{1A4259FC-F0B5-4E73-9B34-5925498B97A5}.Release|Any CPU.ActiveCfg = Release|Any CPU
		{1A4259FC-F0B5-4E73-9B34-5925498B97A5}.Release|Any CPU.Build.0 = Release|Any CPU
		{F52A3DA6-7E9F-4E35-BEEA-B8D5634B3FAA}.Debug|Any CPU.ActiveCfg = Debug|Any CPU
		{F52A3DA6-7E9F-4E35-BEEA-B8D5634B3FAA}.Debug|Any CPU.Build.0 = Debug|Any CPU
		{F52A3DA6-7E9F-4E35-BEEA-B8D5634B3FAA}.Release|Any CPU.ActiveCfg = Release|Any CPU
		{F52A3DA6-7E9F-4E35-BEEA-B8D5634B3FAA}.Release|Any CPU.Build.0 = Release|Any CPU
		{FEB21055-95DF-413F-A08F-DA48B0B64973}.Debug|Any CPU.ActiveCfg = Debug|Any CPU
		{FEB21055-95DF-413F-A08F-DA48B0B64973}.Debug|Any CPU.Build.0 = Debug|Any CPU
		{FEB21055-95DF-413F-A08F-DA48B0B64973}.Release|Any CPU.ActiveCfg = Release|Any CPU
		{FEB21055-95DF-413F-A08F-DA48B0B64973}.Release|Any CPU.Build.0 = Release|Any CPU
	EndGlobalSection
	GlobalSection(SolutionProperties) = preSolution
		HideSolutionNode = FALSE
	EndGlobalSection
	GlobalSection(NestedProjects) = preSolution
		{303E74CC-1E4D-4EB9-B2F0-4B34F8FB1D31} = {6E359B93-E3F7-4BF6-9569-7A766021DC0D}
		{0F68B956-C774-491B-94F7-EC177D7DBD3C} = {5F951B78-450E-490E-BD96-65BA9FEB8868}
		{DE68F413-04DB-453B-BF57-1F234503B808} = {06E8DDD5-BD08-42D2-9D17-14B0BD62F974}
		{1A4259FC-F0B5-4E73-9B34-5925498B97A5} = {4EE90A78-B052-40A9-9BFC-0A11AA343F2C}
		{F52A3DA6-7E9F-4E35-BEEA-B8D5634B3FAA} = {4EE90A78-B052-40A9-9BFC-0A11AA343F2C}
		{FEB21055-95DF-413F-A08F-DA48B0B64973} = {C9CBFC3B-7CAD-4F53-9EBE-9EE779DE8AB3}
	EndGlobalSection
	GlobalSection(ExtensibilityGlobals) = postSolution
		SolutionGuid = {0D61527D-A95E-4F1A-A6DE-F29EF4FF715C}
	EndGlobalSection
EndGlobal
